
Microsoft Visual Studio Solution File, Format Version 12.00
Project("{FAE04EC0-301F-11D3-BF4B-00C04F79EFBC}") = "Api.Host", "Api.Host\Api.Host.csproj", "{9C78B89C-0CA0-4A91-A2EE-10EF1ED7867C}"
EndProject
Project("{2150E333-8FDC-42A3-9474-1A3956D46DE8}") = "Shared", "Shared", "{764F8911-2D89-4612-89BD-0BF8C64A4945}"
EndProject
Project("{2150E333-8FDC-42A3-9474-1A3956D46DE8}") = "Infrastructure", "Infrastructure", "{1AE39931-ED22-4BE3-A14E-A0FB8C696929}"
EndProject
Project("{FAE04EC0-301F-11D3-BF4B-00C04F79EFBC}") = "Infrastructure.Cosmos", "Infrastructure\Infrastructure.Cosmos\Infrastructure.Cosmos.csproj", "{80EB77BD-8425-4534-AE46-24A2E2BD016D}"
EndProject
Project("{FAE04EC0-301F-11D3-BF4B-00C04F79EFBC}") = "Shared.Core", "Shared\Shared.Core\Shared.Core.csproj", "{F8890FF1-5538-47D9-9E2E-E1BE5EF14355}"
EndProject
Project("{2150E333-8FDC-42A3-9474-1A3956D46DE8}") = "Application", "Application", "{85269DFF-009F-4312-A862-FEE78FDC1538}"
EndProject
Project("{FAE04EC0-301F-11D3-BF4B-00C04F79EFBC}") = "Application.Abstractions", "Application\Application.Abstractions\Application.Abstractions.csproj", "{F1D3DAB1-3D65-4504-93A7-BDF5D2BF60C2}"
EndProject
Project("{2150E333-8FDC-42A3-9474-1A3956D46DE8}") = "Domain", "Domain", "{C6B63A2F-9AD6-416D-A821-3B157BF2141A}"
EndProject
Project("{FAE04EC0-301F-11D3-BF4B-00C04F79EFBC}") = "Domain.Abstractions", "Domain\Domain.Abstractions\Domain.Abstractions.csproj", "{E48F1FD0-98A0-4E71-8FDC-91C1E9AA1921}"
EndProject
Project("{FAE04EC0-301F-11D3-BF4B-00C04F79EFBC}") = "Infrastructure.AMQP", "Infrastructure\Infrastructure.AMQP\Infrastructure.AMQP.csproj", "{DCB2730A-362A-45E4-8507-2A1A77261FEA}"
EndProject
Project("{FAE04EC0-301F-11D3-BF4B-00C04F79EFBC}") = "Infrastructure.Storage", "Infrastructure\Infrastructure.Storage\Infrastructure.Storage.csproj", "{1CAB9CD9-52C3-4D2A-B7AA-A95BCB9DA482}"
EndProject
Project("{FAE04EC0-301F-11D3-BF4B-00C04F79EFBC}") = "Domain.Entities", "Domain\Domain.Entities\Domain.Entities.csproj", "{2C4895FF-B815-4515-86AD-8EF8A1797EC8}"
EndProject
Project("{FAE04EC0-301F-11D3-BF4B-00C04F79EFBC}") = "Application.DtoModels", "Application\Application.DtoModels\Application.DtoModels.csproj", "{26A2A7CA-7361-4746-8A2C-D3DC9F567839}"
EndProject
Project("{FAE04EC0-301F-11D3-BF4B-00C04F79EFBC}") = "Application.MessageModels", "Application\Application.MessageModels\Application.MessageModels.csproj", "{4E1DEC61-DB95-437E-9649-8FEADE053F25}"
EndProject
Project("{FAE04EC0-301F-11D3-BF4B-00C04F79EFBC}") = "Infrastructure.Logging", "Infrastructure\Infrastructure.Logging\Infrastructure.Logging.csproj", "{85783609-ADFA-449D-B133-FA0797D0C05F}"
EndProject
Project("{FAE04EC0-301F-11D3-BF4B-00C04F79EFBC}") = "Worker.Host", "Worker.Host\Worker.Host.csproj", "{94777566-CD32-49B9-8546-0AE0AAA24DDC}"
EndProject
Project("{FAE04EC0-301F-11D3-BF4B-00C04F79EFBC}") = "Application.Mappers", "Application\Application.Mappers\Application.Mappers.csproj", "{A25FF703-03C3-4E16-BFF3-9D1CDB1BC767}"
EndProject
Global
	GlobalSection(SolutionConfigurationPlatforms) = preSolution
		Debug|Any CPU = Debug|Any CPU
		Release|Any CPU = Release|Any CPU
	EndGlobalSection
	GlobalSection(ProjectConfigurationPlatforms) = postSolution
		{9C78B89C-0CA0-4A91-A2EE-10EF1ED7867C}.Debug|Any CPU.ActiveCfg = Debug|Any CPU
		{9C78B89C-0CA0-4A91-A2EE-10EF1ED7867C}.Debug|Any CPU.Build.0 = Debug|Any CPU
		{9C78B89C-0CA0-4A91-A2EE-10EF1ED7867C}.Release|Any CPU.ActiveCfg = Release|Any CPU
		{9C78B89C-0CA0-4A91-A2EE-10EF1ED7867C}.Release|Any CPU.Build.0 = Release|Any CPU
		{80EB77BD-8425-4534-AE46-24A2E2BD016D}.Debug|Any CPU.ActiveCfg = Debug|Any CPU
		{80EB77BD-8425-4534-AE46-24A2E2BD016D}.Debug|Any CPU.Build.0 = Debug|Any CPU
		{80EB77BD-8425-4534-AE46-24A2E2BD016D}.Release|Any CPU.ActiveCfg = Release|Any CPU
		{80EB77BD-8425-4534-AE46-24A2E2BD016D}.Release|Any CPU.Build.0 = Release|Any CPU
		{F8890FF1-5538-47D9-9E2E-E1BE5EF14355}.Debug|Any CPU.ActiveCfg = Debug|Any CPU
		{F8890FF1-5538-47D9-9E2E-E1BE5EF14355}.Debug|Any CPU.Build.0 = Debug|Any CPU
		{F8890FF1-5538-47D9-9E2E-E1BE5EF14355}.Release|Any CPU.ActiveCfg = Release|Any CPU
		{F8890FF1-5538-47D9-9E2E-E1BE5EF14355}.Release|Any CPU.Build.0 = Release|Any CPU
		{F1D3DAB1-3D65-4504-93A7-BDF5D2BF60C2}.Debug|Any CPU.ActiveCfg = Debug|Any CPU
		{F1D3DAB1-3D65-4504-93A7-BDF5D2BF60C2}.Debug|Any CPU.Build.0 = Debug|Any CPU
		{F1D3DAB1-3D65-4504-93A7-BDF5D2BF60C2}.Release|Any CPU.ActiveCfg = Release|Any CPU
		{F1D3DAB1-3D65-4504-93A7-BDF5D2BF60C2}.Release|Any CPU.Build.0 = Release|Any CPU
		{E48F1FD0-98A0-4E71-8FDC-91C1E9AA1921}.Debug|Any CPU.ActiveCfg = Debug|Any CPU
		{E48F1FD0-98A0-4E71-8FDC-91C1E9AA1921}.Debug|Any CPU.Build.0 = Debug|Any CPU
		{E48F1FD0-98A0-4E71-8FDC-91C1E9AA1921}.Release|Any CPU.ActiveCfg = Release|Any CPU
		{E48F1FD0-98A0-4E71-8FDC-91C1E9AA1921}.Release|Any CPU.Build.0 = Release|Any CPU
		{DCB2730A-362A-45E4-8507-2A1A77261FEA}.Debug|Any CPU.ActiveCfg = Debug|Any CPU
		{DCB2730A-362A-45E4-8507-2A1A77261FEA}.Debug|Any CPU.Build.0 = Debug|Any CPU
		{DCB2730A-362A-45E4-8507-2A1A77261FEA}.Release|Any CPU.ActiveCfg = Release|Any CPU
		{DCB2730A-362A-45E4-8507-2A1A77261FEA}.Release|Any CPU.Build.0 = Release|Any CPU
		{1CAB9CD9-52C3-4D2A-B7AA-A95BCB9DA482}.Debug|Any CPU.ActiveCfg = Debug|Any CPU
		{1CAB9CD9-52C3-4D2A-B7AA-A95BCB9DA482}.Debug|Any CPU.Build.0 = Debug|Any CPU
		{1CAB9CD9-52C3-4D2A-B7AA-A95BCB9DA482}.Release|Any CPU.ActiveCfg = Release|Any CPU
		{1CAB9CD9-52C3-4D2A-B7AA-A95BCB9DA482}.Release|Any CPU.Build.0 = Release|Any CPU
		{2C4895FF-B815-4515-86AD-8EF8A1797EC8}.Debug|Any CPU.ActiveCfg = Debug|Any CPU
		{2C4895FF-B815-4515-86AD-8EF8A1797EC8}.Debug|Any CPU.Build.0 = Debug|Any CPU
		{2C4895FF-B815-4515-86AD-8EF8A1797EC8}.Release|Any CPU.ActiveCfg = Release|Any CPU
		{2C4895FF-B815-4515-86AD-8EF8A1797EC8}.Release|Any CPU.Build.0 = Release|Any CPU
		{26A2A7CA-7361-4746-8A2C-D3DC9F567839}.Debug|Any CPU.ActiveCfg = Debug|Any CPU
		{26A2A7CA-7361-4746-8A2C-D3DC9F567839}.Debug|Any CPU.Build.0 = Debug|Any CPU
		{26A2A7CA-7361-4746-8A2C-D3DC9F567839}.Release|Any CPU.ActiveCfg = Release|Any CPU
		{26A2A7CA-7361-4746-8A2C-D3DC9F567839}.Release|Any CPU.Build.0 = Release|Any CPU
		{4E1DEC61-DB95-437E-9649-8FEADE053F25}.Debug|Any CPU.ActiveCfg = Debug|Any CPU
		{4E1DEC61-DB95-437E-9649-8FEADE053F25}.Debug|Any CPU.Build.0 = Debug|Any CPU
		{4E1DEC61-DB95-437E-9649-8FEADE053F25}.Release|Any CPU.ActiveCfg = Release|Any CPU
		{4E1DEC61-DB95-437E-9649-8FEADE053F25}.Release|Any CPU.Build.0 = Release|Any CPU
		{85783609-ADFA-449D-B133-FA0797D0C05F}.Debug|Any CPU.ActiveCfg = Debug|Any CPU
		{85783609-ADFA-449D-B133-FA0797D0C05F}.Debug|Any CPU.Build.0 = Debug|Any CPU
		{85783609-ADFA-449D-B133-FA0797D0C05F}.Release|Any CPU.ActiveCfg = Release|Any CPU
		{85783609-ADFA-449D-B133-FA0797D0C05F}.Release|Any CPU.Build.0 = Release|Any CPU
		{94777566-CD32-49B9-8546-0AE0AAA24DDC}.Debug|Any CPU.ActiveCfg = Debug|Any CPU
		{94777566-CD32-49B9-8546-0AE0AAA24DDC}.Debug|Any CPU.Build.0 = Debug|Any CPU
		{94777566-CD32-49B9-8546-0AE0AAA24DDC}.Release|Any CPU.ActiveCfg = Release|Any CPU
		{94777566-CD32-49B9-8546-0AE0AAA24DDC}.Release|Any CPU.Build.0 = Release|Any CPU
		{A25FF703-03C3-4E16-BFF3-9D1CDB1BC767}.Debug|Any CPU.ActiveCfg = Debug|Any CPU
		{A25FF703-03C3-4E16-BFF3-9D1CDB1BC767}.Debug|Any CPU.Build.0 = Debug|Any CPU
		{A25FF703-03C3-4E16-BFF3-9D1CDB1BC767}.Release|Any CPU.ActiveCfg = Release|Any CPU
		{A25FF703-03C3-4E16-BFF3-9D1CDB1BC767}.Release|Any CPU.Build.0 = Release|Any CPU
	EndGlobalSection
	GlobalSection(NestedProjects) = preSolution
		{80EB77BD-8425-4534-AE46-24A2E2BD016D} = {1AE39931-ED22-4BE3-A14E-A0FB8C696929}
		{F8890FF1-5538-47D9-9E2E-E1BE5EF14355} = {764F8911-2D89-4612-89BD-0BF8C64A4945}
		{F1D3DAB1-3D65-4504-93A7-BDF5D2BF60C2} = {85269DFF-009F-4312-A862-FEE78FDC1538}
		{E48F1FD0-98A0-4E71-8FDC-91C1E9AA1921} = {C6B63A2F-9AD6-416D-A821-3B157BF2141A}
		{DCB2730A-362A-45E4-8507-2A1A77261FEA} = {1AE39931-ED22-4BE3-A14E-A0FB8C696929}
		{1CAB9CD9-52C3-4D2A-B7AA-A95BCB9DA482} = {1AE39931-ED22-4BE3-A14E-A0FB8C696929}
		{2C4895FF-B815-4515-86AD-8EF8A1797EC8} = {C6B63A2F-9AD6-416D-A821-3B157BF2141A}
		{26A2A7CA-7361-4746-8A2C-D3DC9F567839} = {85269DFF-009F-4312-A862-FEE78FDC1538}
		{4E1DEC61-DB95-437E-9649-8FEADE053F25} = {85269DFF-009F-4312-A862-FEE78FDC1538}
		{85783609-ADFA-449D-B133-FA0797D0C05F} = {1AE39931-ED22-4BE3-A14E-A0FB8C696929}
		{A25FF703-03C3-4E16-BFF3-9D1CDB1BC767} = {85269DFF-009F-4312-A862-FEE78FDC1538}
	EndGlobalSection
EndGlobal
